
Microsoft Visual Studio Solution File, Format Version 12.00
# Visual Studio Version 17
VisualStudioVersion = 17.5.002.0
MinimumVisualStudioVersion = 10.0.40219.1
Project("{2150E333-8FDC-42A3-9474-1A3956D46DE8}") = "Backend", "Backend", "{FD26C0F0-CD66-46C8-ACCC-6AA610CC3FA0}"
EndProject
Project("{9A19103F-16F7-4668-BE54-9A1E7A4F7556}") = "API", "Backend\API\API.csproj", "{F635D028-23BF-4077-881E-B773CBB49C5A}"
EndProject
Project("{FAE04EC0-301F-11D3-BF4B-00C04F79EFBC}") = "Backend.Tests", "Backend\Backend.Tests\Backend.Tests.csproj", "{AF57155C-DBAB-487B-99B8-000E6FF81BF6}"
EndProject
Global
	GlobalSection(SolutionConfigurationPlatforms) = preSolution
		Debug|Any CPU = Debug|Any CPU
		Release|Any CPU = Release|Any CPU
	EndGlobalSection
	GlobalSection(ProjectConfigurationPlatforms) = postSolution
		{F635D028-23BF-4077-881E-B773CBB49C5A}.Debug|Any CPU.ActiveCfg = Debug|Any CPU
		{F635D028-23BF-4077-881E-B773CBB49C5A}.Debug|Any CPU.Build.0 = Debug|Any CPU
		{F635D028-23BF-4077-881E-B773CBB49C5A}.Release|Any CPU.ActiveCfg = Release|Any CPU
		{F635D028-23BF-4077-881E-B773CBB49C5A}.Release|Any CPU.Build.0 = Release|Any CPU
		{AF57155C-DBAB-487B-99B8-000E6FF81BF6}.Debug|Any CPU.ActiveCfg = Debug|Any CPU
		{AF57155C-DBAB-487B-99B8-000E6FF81BF6}.Debug|Any CPU.Build.0 = Debug|Any CPU
		{AF57155C-DBAB-487B-99B8-000E6FF81BF6}.Release|Any CPU.ActiveCfg = Release|Any CPU
		{AF57155C-DBAB-487B-99B8-000E6FF81BF6}.Release|Any CPU.Build.0 = Release|Any CPU
	EndGlobalSection
	GlobalSection(SolutionProperties) = preSolution
		HideSolutionNode = FALSE
	EndGlobalSection
	GlobalSection(NestedProjects) = preSolution
		{F635D028-23BF-4077-881E-B773CBB49C5A} = {FD26C0F0-CD66-46C8-ACCC-6AA610CC3FA0}
		{AF57155C-DBAB-487B-99B8-000E6FF81BF6} = {FD26C0F0-CD66-46C8-ACCC-6AA610CC3FA0}
	EndGlobalSection
	GlobalSection(ExtensibilityGlobals) = postSolution
		SolutionGuid = {1CCAEF8D-A436-4548-A4F1-BB59D3EB543F}
	EndGlobalSection
EndGlobal
